{
  "pins" : [
    {
      "identity" : "emojipicker",
      "kind" : "remoteSourceControl",
      "location" : "https://github.com/htmlprogrammist/EmojiPicker",
      "state" : {
        "revision" : "1da3bd085ab76e949fe695ea9a06a032e7b21b3c",
        "version" : "2.1.2"
      }
    }
  ],
  "version" : 2
}
