{
  "pins" : [
    {
      "identity" : "emojipicker",
      "kind" : "remoteSourceControl",
      "location" : "https://github.com/htmlprogrammist/EmojiPicker",
      "state" : {
        "revision" : "e0f476e85c5e7b0b31da1a5b47448118a256fea8",
        "version" : "2.1.1"
      }
    }
  ],
  "version" : 2
}
