{
  "pins" : [
    {
      "identity" : "emojipicker",
      "kind" : "remoteSourceControl",
      "location" : "https://github.com/htmlprogrammist/EmojiPicker",
      "state" : {
        "revision" : "65e77d87dd314aa5580189dae9811be414acc931",
        "version" : "2.1.3"
      }
    }
  ],
  "version" : 2
}
