PODS:
  - EmojiPicker (3.0.4)
  - EmojiPicker/Tests (3.0.4)

DEPENDENCIES:
  - EmojiPicker (from `../`)
  - EmojiPicker/Tests (from `../`)

EXTERNAL SOURCES:
  EmojiPicker:
    :path: "../"

SPEC CHECKSUMS:
  EmojiPicker: a21d785c95a64a0284b0d1472150d90c4348d5e3

PODFILE CHECKSUM: e686a8fbd8a5367eac0bf7fb77e0bbddf18a2353

COCOAPODS: 1.11.3
