PODS:
  - EmojiPicker (3.0.4)
  - EmojiPicker/Tests (3.0.4)

DEPENDENCIES:
  - EmojiPicker (from `../`)
  - EmojiPicker/Tests (from `../`)

EXTERNAL SOURCES:
  EmojiPicker:
    :path: "../"

SPEC CHECKSUMS:
  EmojiPicker: 4b34979fe8adbe0c59a210c3d1bff3223ca4cdfb

PODFILE CHECKSUM: e686a8fbd8a5367eac0bf7fb77e0bbddf18a2353

COCOAPODS: 1.11.3
