PODS:
  - EmojiPicker (3.0.8)
  - EmojiPicker/Tests (3.0.8)

DEPENDENCIES:
  - EmojiPicker (from `../`)
  - EmojiPicker/Tests (from `../`)

EXTERNAL SOURCES:
  EmojiPicker:
    :path: "../"

SPEC CHECKSUMS:
  EmojiPicker: 2015f097678687260575d880b5960194802d6958

PODFILE CHECKSUM: e686a8fbd8a5367eac0bf7fb77e0bbddf18a2353

COCOAPODS: 1.11.3
